
Microsoft Visual Studio Solution File, Format Version 12.00
# Visual Studio 2013
VisualStudioVersion = 12.0.21005.1
MinimumVisualStudioVersion = 10.0.40219.1
Project("{CC5FD16D-436D-48AD-A40C-5A424C6E3E79}") = "Composite.WindowsAzure.Webrole.SimpleBoot.Cloud", "Composite.WindowsAzure.Webrole.SimpleBoot.Cloud\Composite.WindowsAzure.Webrole.SimpleBoot.Cloud.ccproj", "{3B34B664-8F8D-496E-B303-232461C34DBB}"
EndProject
Project("{FAE04EC0-301F-11D3-BF4B-00C04F79EFBC}") = "Composite.WindowsAzure.Webrole.SimpleBoot", "Composite.WindowsAzure.Webrole.SimpleBoot\Composite.WindowsAzure.Webrole.SimpleBoot.csproj", "{68DDA994-BFDA-49F8-ABF7-8B60A52E795D}"
EndProject
Project("{2150E333-8FDC-42A3-9474-1A3956D46DE8}") = ".nuget", ".nuget", "{64642BB5-A5DD-403C-B87B-FF538039BD4F}"
	ProjectSection(SolutionItems) = preProject
		.nuget\NuGet.Config = .nuget\NuGet.Config
		.nuget\NuGet.exe = .nuget\NuGet.exe
		.nuget\NuGet.targets = .nuget\NuGet.targets
	EndProjectSection
EndProject
Project("{CC5FD16D-436D-48AD-A40C-5A424C6E3E79}") = "Composite.WindowsAzure.Webrole.SimpleBoot.Ssl.Cloud", "Composite.WindowsAzure.Webrole.SimpleBoot.Ssl.Cloud\Composite.WindowsAzure.Webrole.SimpleBoot.Ssl.Cloud.ccproj", "{A7ABB755-E35B-46C8-BBB6-F39C31D8C12C}"
EndProject
Global
	GlobalSection(SolutionConfigurationPlatforms) = preSolution
		Debug|Any CPU = Debug|Any CPU
		Release|Any CPU = Release|Any CPU
	EndGlobalSection
	GlobalSection(ProjectConfigurationPlatforms) = postSolution
		{3B34B664-8F8D-496E-B303-232461C34DBB}.Debug|Any CPU.ActiveCfg = Debug|Any CPU
		{3B34B664-8F8D-496E-B303-232461C34DBB}.Debug|Any CPU.Build.0 = Debug|Any CPU
		{3B34B664-8F8D-496E-B303-232461C34DBB}.Release|Any CPU.ActiveCfg = Release|Any CPU
		{3B34B664-8F8D-496E-B303-232461C34DBB}.Release|Any CPU.Build.0 = Release|Any CPU
		{68DDA994-BFDA-49F8-ABF7-8B60A52E795D}.Debug|Any CPU.ActiveCfg = Debug|Any CPU
		{68DDA994-BFDA-49F8-ABF7-8B60A52E795D}.Debug|Any CPU.Build.0 = Debug|Any CPU
		{68DDA994-BFDA-49F8-ABF7-8B60A52E795D}.Release|Any CPU.ActiveCfg = Release|Any CPU
		{68DDA994-BFDA-49F8-ABF7-8B60A52E795D}.Release|Any CPU.Build.0 = Release|Any CPU
		{A7ABB755-E35B-46C8-BBB6-F39C31D8C12C}.Debug|Any CPU.ActiveCfg = Debug|Any CPU
		{A7ABB755-E35B-46C8-BBB6-F39C31D8C12C}.Debug|Any CPU.Build.0 = Debug|Any CPU
		{A7ABB755-E35B-46C8-BBB6-F39C31D8C12C}.Release|Any CPU.ActiveCfg = Release|Any CPU
		{A7ABB755-E35B-46C8-BBB6-F39C31D8C12C}.Release|Any CPU.Build.0 = Release|Any CPU
	EndGlobalSection
	GlobalSection(SolutionProperties) = preSolution
		HideSolutionNode = FALSE
	EndGlobalSection
EndGlobal
